// !$*UTF8*$!
{
	archiveVersion = 1;
	classes = {
	};
	objectVersion = 46;
	objects = {

/* Begin PBXBuildFile section */
		2A9A1BD91C1FDECD00F283FC /* main.m in Sources */ = {isa = PBXBuildFile; fileRef = 2A9A1BD81C1FDECD00F283FC /* main.m */; };
		2A9A1BDC1C1FDECD00F283FC /* AppDelegate.m in Sources */ = {isa = PBXBuildFile; fileRef = 2A9A1BDB1C1FDECD00F283FC /* AppDelegate.m */; };
		2A9A1BDF1C1FDECD00F283FC /* ViewController.m in Sources */ = {isa = PBXBuildFile; fileRef = 2A9A1BDE1C1FDECD00F283FC /* ViewController.m */; };
		2A9A1BE21C1FDECD00F283FC /* Main.storyboard in Resources */ = {isa = PBXBuildFile; fileRef = 2A9A1BE01C1FDECD00F283FC /* Main.storyboard */; };
		2A9A1BE41C1FDECD00F283FC /* Assets.xcassets in Resources */ = {isa = PBXBuildFile; fileRef = 2A9A1BE31C1FDECD00F283FC /* Assets.xcassets */; };
		2A9A1BE71C1FDECD00F283FC /* LaunchScreen.storyboard in Resources */ = {isa = PBXBuildFile; fileRef = 2A9A1BE51C1FDECD00F283FC /* LaunchScreen.storyboard */; };
		2A9A1BF21C1FDECD00F283FC /* NewGuidePagesTests.m in Sources */ = {isa = PBXBuildFile; fileRef = 2A9A1BF11C1FDECD00F283FC /* NewGuidePagesTests.m */; };
		2A9A1BFD1C1FDECD00F283FC /* NewGuidePagesUITests.m in Sources */ = {isa = PBXBuildFile; fileRef = 2A9A1BFC1C1FDECD00F283FC /* NewGuidePagesUITests.m */; };
		2A9A1C0C1C1FED1100F283FC /* JXNavController.m in Sources */ = {isa = PBXBuildFile; fileRef = 2A9A1C0B1C1FED1100F283FC /* JXNavController.m */; };
/* End PBXBuildFile section */

/* Begin PBXContainerItemProxy section */
		2A9A1BEE1C1FDECD00F283FC /* PBXContainerItemProxy */ = {
			isa = PBXContainerItemProxy;
			containerPortal = 2A9A1BCC1C1FDECC00F283FC /* Project object */;
			proxyType = 1;
			remoteGlobalIDString = 2A9A1BD31C1FDECD00F283FC;
			remoteInfo = NewGuidePages;
		};
		2A9A1BF91C1FDECD00F283FC /* PBXContainerItemProxy */ = {
			isa = PBXContainerItemProxy;
			containerPortal = 2A9A1BCC1C1FDECC00F283FC /* Project object */;
			proxyType = 1;
			remoteGlobalIDString = 2A9A1BD31C1FDECD00F283FC;
			remoteInfo = NewGuidePages;
		};
/* End PBXContainerItemProxy section */

/* Begin PBXFileReference section */
		2A9A1BD41C1FDECD00F283FC /* NewGuidePages.app */ = {isa = PBXFileReference; explicitFileType = wrapper.application; includeInIndex = 0; path = NewGuidePages.app; sourceTree = BUILT_PRODUCTS_DIR; };
		2A9A1BD81C1FDECD00F283FC /* main.m */ = {isa = PBXFileReference; lastKnownFileType = sourcecode.c.objc; path = main.m; sourceTree = "<group>"; };
		2A9A1BDA1C1FDECD00F283FC /* AppDelegate.h */ = {isa = PBXFileReference; lastKnownFileType = sourcecode.c.h; path = AppDelegate.h; sourceTree = "<group>"; };
		2A9A1BDB1C1FDECD00F283FC /* AppDelegate.m */ = {isa = PBXFileReference; lastKnownFileType = sourcecode.c.objc; path = AppDelegate.m; sourceTree = "<group>"; };
		2A9A1BDD1C1FDECD00F283FC /* ViewController.h */ = {isa = PBXFileReference; lastKnownFileType = sourcecode.c.h; path = ViewController.h; sourceTree = "<group>"; };
		2A9A1BDE1C1FDECD00F283FC /* ViewController.m */ = {isa = PBXFileReference; lastKnownFileType = sourcecode.c.objc; path = ViewController.m; sourceTree = "<group>"; };
		2A9A1BE11C1FDECD00F283FC /* Base */ = {isa = PBXFileReference; lastKnownFileType = file.storyboard; name = Base; path = Base.lproj/Main.storyboard; sourceTree = "<group>"; };
		2A9A1BE31C1FDECD00F283FC /* Assets.xcassets */ = {isa = PBXFileReference; lastKnownFileType = folder.assetcatalog; path = Assets.xcassets; sourceTree = "<group>"; };
		2A9A1BE61C1FDECD00F283FC /* Base */ = {isa = PBXFileReference; lastKnownFileType = file.storyboard; name = Base; path = Base.lproj/LaunchScreen.storyboard; sourceTree = "<group>"; };
		2A9A1BE81C1FDECD00F283FC /* Info.plist */ = {isa = PBXFileReference; lastKnownFileType = text.plist.xml; path = Info.plist; sourceTree = "<group>"; };
		2A9A1BED1C1FDECD00F283FC /* NewGuidePagesTests.xctest */ = {isa = PBXFileReference; explicitFileType = wrapper.cfbundle; includeInIndex = 0; path = NewGuidePagesTests.xctest; sourceTree = BUILT_PRODUCTS_DIR; };
		2A9A1BF11C1FDECD00F283FC /* NewGuidePagesTests.m */ = {isa = PBXFileReference; lastKnownFileType = sourcecode.c.objc; path = NewGuidePagesTests.m; sourceTree = "<group>"; };
		2A9A1BF31C1FDECD00F283FC /* Info.plist */ = {isa = PBXFileReference; lastKnownFileType = text.plist.xml; path = Info.plist; sourceTree = "<group>"; };
		2A9A1BF81C1FDECD00F283FC /* NewGuidePagesUITests.xctest */ = {isa = PBXFileReference; explicitFileType = wrapper.cfbundle; includeInIndex = 0; path = NewGuidePagesUITests.xctest; sourceTree = BUILT_PRODUCTS_DIR; };
		2A9A1BFC1C1FDECD00F283FC /* NewGuidePagesUITests.m */ = {isa = PBXFileReference; lastKnownFileType = sourcecode.c.objc; path = NewGuidePagesUITests.m; sourceTree = "<group>"; };
		2A9A1BFE1C1FDECD00F283FC /* Info.plist */ = {isa = PBXFileReference; lastKnownFileType = text.plist.xml; path = Info.plist; sourceTree = "<group>"; };
		2A9A1C0A1C1FED1100F283FC /* JXNavController.h */ = {isa = PBXFileReference; fileEncoding = 4; lastKnownFileType = sourcecode.c.h; path = JXNavController.h; sourceTree = "<group>"; };
		2A9A1C0B1C1FED1100F283FC /* JXNavController.m */ = {isa = PBXFileReference; fileEncoding = 4; lastKnownFileType = sourcecode.c.objc; path = JXNavController.m; sourceTree = "<group>"; };
/* End PBXFileReference section */

/* Begin PBXFrameworksBuildPhase section */
		2A9A1BD11C1FDECD00F283FC /* Frameworks */ = {
			isa = PBXFrameworksBuildPhase;
			buildActionMask = 2147483647;
			files = (
			);
			runOnlyForDeploymentPostprocessing = 0;
		};
		2A9A1BEA1C1FDECD00F283FC /* Frameworks */ = {
			isa = PBXFrameworksBuildPhase;
			buildActionMask = 2147483647;
			files = (
			);
			runOnlyForDeploymentPostprocessing = 0;
		};
		2A9A1BF51C1FDECD00F283FC /* Frameworks */ = {
			isa = PBXFrameworksBuildPhase;
			buildActionMask = 2147483647;
			files = (
			);
			runOnlyForDeploymentPostprocessing = 0;
		};
/* End PBXFrameworksBuildPhase section */

/* Begin PBXGroup section */
		2A9A1BCB1C1FDECC00F283FC = {
			isa = PBXGroup;
			children = (
				2A9A1BD61C1FDECD00F283FC /* NewGuidePages */,
				2A9A1BF01C1FDECD00F283FC /* NewGuidePagesTests */,
				2A9A1BFB1C1FDECD00F283FC /* NewGuidePagesUITests */,
				2A9A1BD51C1FDECD00F283FC /* Products */,
			);
			sourceTree = "<group>";
		};
		2A9A1BD51C1FDECD00F283FC /* Products */ = {
			isa = PBXGroup;
			children = (
				2A9A1BD41C1FDECD00F283FC /* NewGuidePages.app */,
				2A9A1BED1C1FDECD00F283FC /* NewGuidePagesTests.xctest */,
				2A9A1BF81C1FDECD00F283FC /* NewGuidePagesUITests.xctest */,
			);
			name = Products;
			sourceTree = "<group>";
		};
		2A9A1BD61C1FDECD00F283FC /* NewGuidePages */ = {
			isa = PBXGroup;
			children = (
				2A9A1BDA1C1FDECD00F283FC /* AppDelegate.h */,
				2A9A1BDB1C1FDECD00F283FC /* AppDelegate.m */,
				2A9A1BDD1C1FDECD00F283FC /* ViewController.h */,
				2A9A1BDE1C1FDECD00F283FC /* ViewController.m */,
				2A9A1C0A1C1FED1100F283FC /* JXNavController.h */,
				2A9A1C0B1C1FED1100F283FC /* JXNavController.m */,
				2A9A1BE01C1FDECD00F283FC /* Main.storyboard */,
				2A9A1BE31C1FDECD00F283FC /* Assets.xcassets */,
				2A9A1BE51C1FDECD00F283FC /* LaunchScreen.storyboard */,
				2A9A1BE81C1FDECD00F283FC /* Info.plist */,
				2A9A1BD71C1FDECD00F283FC /* Supporting Files */,
			);
			path = NewGuidePages;
			sourceTree = "<group>";
		};
		2A9A1BD71C1FDECD00F283FC /* Supporting Files */ = {
			isa = PBXGroup;
			children = (
				2A9A1BD81C1FDECD00F283FC /* main.m */,
			);
			name = "Supporting Files";
			sourceTree = "<group>";
		};
		2A9A1BF01C1FDECD00F283FC /* NewGuidePagesTests */ = {
			isa = PBXGroup;
			children = (
				2A9A1BF11C1FDECD00F283FC /* NewGuidePagesTests.m */,
				2A9A1BF31C1FDECD00F283FC /* Info.plist */,
			);
			path = NewGuidePagesTests;
			sourceTree = "<group>";
		};
		2A9A1BFB1C1FDECD00F283FC /* NewGuidePagesUITests */ = {
			isa = PBXGroup;
			children = (
				2A9A1BFC1C1FDECD00F283FC /* NewGuidePagesUITests.m */,
				2A9A1BFE1C1FDECD00F283FC /* Info.plist */,
			);
			path = NewGuidePagesUITests;
			sourceTree = "<group>";
		};
/* End PBXGroup section */

/* Begin PBXNativeTarget section */
		2A9A1BD31C1FDECD00F283FC /* NewGuidePages */ = {
			isa = PBXNativeTarget;
			buildConfigurationList = 2A9A1C011C1FDECD00F283FC /* Build configuration list for PBXNativeTarget "NewGuidePages" */;
			buildPhases = (
				2A9A1BD01C1FDECD00F283FC /* Sources */,
				2A9A1BD11C1FDECD00F283FC /* Frameworks */,
				2A9A1BD21C1FDECD00F283FC /* Resources */,
			);
			buildRules = (
			);
			dependencies = (
			);
			name = NewGuidePages;
			productName = NewGuidePages;
			productReference = 2A9A1BD41C1FDECD00F283FC /* NewGuidePages.app */;
			productType = "com.apple.product-type.application";
		};
		2A9A1BEC1C1FDECD00F283FC /* NewGuidePagesTests */ = {
			isa = PBXNativeTarget;
			buildConfigurationList = 2A9A1C041C1FDECD00F283FC /* Build configuration list for PBXNativeTarget "NewGuidePagesTests" */;
			buildPhases = (
				2A9A1BE91C1FDECD00F283FC /* Sources */,
				2A9A1BEA1C1FDECD00F283FC /* Frameworks */,
				2A9A1BEB1C1FDECD00F283FC /* Resources */,
			);
			buildRules = (
			);
			dependencies = (
				2A9A1BEF1C1FDECD00F283FC /* PBXTargetDependency */,
			);
			name = NewGuidePagesTests;
			productName = NewGuidePagesTests;
			productReference = 2A9A1BED1C1FDECD00F283FC /* NewGuidePagesTests.xctest */;
			productType = "com.apple.product-type.bundle.unit-test";
		};
		2A9A1BF71C1FDECD00F283FC /* NewGuidePagesUITests */ = {
			isa = PBXNativeTarget;
			buildConfigurationList = 2A9A1C071C1FDECD00F283FC /* Build configuration list for PBXNativeTarget "NewGuidePagesUITests" */;
			buildPhases = (
				2A9A1BF41C1FDECD00F283FC /* Sources */,
				2A9A1BF51C1FDECD00F283FC /* Frameworks */,
				2A9A1BF61C1FDECD00F283FC /* Resources */,
			);
			buildRules = (
			);
			dependencies = (
				2A9A1BFA1C1FDECD00F283FC /* PBXTargetDependency */,
			);
			name = NewGuidePagesUITests;
			productName = NewGuidePagesUITests;
			productReference = 2A9A1BF81C1FDECD00F283FC /* NewGuidePagesUITests.xctest */;
			productType = "com.apple.product-type.bundle.ui-testing";
		};
/* End PBXNativeTarget section */

/* Begin PBXProject section */
		2A9A1BCC1C1FDECC00F283FC /* Project object */ = {
			isa = PBXProject;
			attributes = {
				CLASSPREFIX = JX;
				LastUpgradeCheck = 0710;
				ORGANIZATIONNAME = cn.bjx680;
				TargetAttributes = {
					2A9A1BD31C1FDECD00F283FC = {
						CreatedOnToolsVersion = 7.1;
					};
					2A9A1BEC1C1FDECD00F283FC = {
						CreatedOnToolsVersion = 7.1;
						TestTargetID = 2A9A1BD31C1FDECD00F283FC;
					};
					2A9A1BF71C1FDECD00F283FC = {
						CreatedOnToolsVersion = 7.1;
						TestTargetID = 2A9A1BD31C1FDECD00F283FC;
					};
				};
			};
			buildConfigurationList = 2A9A1BCF1C1FDECC00F283FC /* Build configuration list for PBXProject "NewGuidePages" */;
			compatibilityVersion = "Xcode 3.2";
			developmentRegion = English;
			hasScannedForEncodings = 0;
			knownRegions = (
				en,
				Base,
			);
			mainGroup = 2A9A1BCB1C1FDECC00F283FC;
			productRefGroup = 2A9A1BD51C1FDECD00F283FC /* Products */;
			projectDirPath = "";
			projectRoot = "";
			targets = (
				2A9A1BD31C1FDECD00F283FC /* NewGuidePages */,
				2A9A1BEC1C1FDECD00F283FC /* NewGuidePagesTests */,
				2A9A1BF71C1FDECD00F283FC /* NewGuidePagesUITests */,
			);
		};
/* End PBXProject section */

/* Begin PBXResourcesBuildPhase section */
		2A9A1BD21C1FDECD00F283FC /* Resources */ = {
			isa = PBXResourcesBuildPhase;
			buildActionMask = 2147483647;
			files = (
				2A9A1BE71C1FDECD00F283FC /* LaunchScreen.storyboard in Resources */,
				2A9A1BE41C1FDECD00F283FC /* Assets.xcassets in Resources */,
				2A9A1BE21C1FDECD00F283FC /* Main.storyboard in Resources */,
			);
			runOnlyForDeploymentPostprocessing = 0;
		};
		2A9A1BEB1C1FDECD00F283FC /* Resources */ = {
			isa = PBXResourcesBuildPhase;
			buildActionMask = 2147483647;
			files = (
			);
			runOnlyForDeploymentPostprocessing = 0;
		};
		2A9A1BF61C1FDECD00F283FC /* Resources */ = {
			isa = PBXResourcesBuildPhase;
			buildActionMask = 2147483647;
			files = (
			);
			runOnlyForDeploymentPostprocessing = 0;
		};
/* End PBXResourcesBuildPhase section */

/* Begin PBXSourcesBuildPhase section */
		2A9A1BD01C1FDECD00F283FC /* Sources */ = {
			isa = PBXSourcesBuildPhase;
			buildActionMask = 2147483647;
			files = (
				2A9A1BDF1C1FDECD00F283FC /* ViewController.m in Sources */,
				2A9A1BDC1C1FDECD00F283FC /* AppDelegate.m in Sources */,
				2A9A1BD91C1FDECD00F283FC /* main.m in Sources */,
				2A9A1C0C1C1FED1100F283FC /* JXNavController.m in Sources */,
			);
			runOnlyForDeploymentPostprocessing = 0;
		};
		2A9A1BE91C1FDECD00F283FC /* Sources */ = {
			isa = PBXSourcesBuildPhase;
			buildActionMask = 2147483647;
			files = (
				2A9A1BF21C1FDECD00F283FC /* NewGuidePagesTests.m in Sources */,
			);
			runOnlyForDeploymentPostprocessing = 0;
		};
		2A9A1BF41C1FDECD00F283FC /* Sources */ = {
			isa = PBXSourcesBuildPhase;
			buildActionMask = 2147483647;
			files = (
				2A9A1BFD1C1FDECD00F283FC /* NewGuidePagesUITests.m in Sources */,
			);
			runOnlyForDeploymentPostprocessing = 0;
		};
/* End PBXSourcesBuildPhase section */

/* Begin PBXTargetDependency section */
		2A9A1BEF1C1FDECD00F283FC /* PBXTargetDependency */ = {
			isa = PBXTargetDependency;
			target = 2A9A1BD31C1FDECD00F283FC /* NewGuidePages */;
			targetProxy = 2A9A1BEE1C1FDECD00F283FC /* PBXContainerItemProxy */;
		};
		2A9A1BFA1C1FDECD00F283FC /* PBXTargetDependency */ = {
			isa = PBXTargetDependency;
			target = 2A9A1BD31C1FDECD00F283FC /* NewGuidePages */;
			targetProxy = 2A9A1BF91C1FDECD00F283FC /* PBXContainerItemProxy */;
		};
/* End PBXTargetDependency section */

/* Begin PBXVariantGroup section */
		2A9A1BE01C1FDECD00F283FC /* Main.storyboard */ = {
			isa = PBXVariantGroup;
			children = (
				2A9A1BE11C1FDECD00F283FC /* Base */,
			);
			name = Main.storyboard;
			sourceTree = "<group>";
		};
		2A9A1BE51C1FDECD00F283FC /* LaunchScreen.storyboard */ = {
			isa = PBXVariantGroup;
			children = (
				2A9A1BE61C1FDECD00F283FC /* Base */,
			);
			name = LaunchScreen.storyboard;
			sourceTree = "<group>";
		};
/* End PBXVariantGroup section */

/* Begin XCBuildConfiguration section */
		2A9A1BFF1C1FDECD00F283FC /* Debug */ = {
			isa = XCBuildConfiguration;
			buildSettings = {
				ALWAYS_SEARCH_USER_PATHS = NO;
				CLANG_CXX_LANGUAGE_STANDARD = "gnu++0x";
				CLANG_CXX_LIBRARY = "libc++";
				CLANG_ENABLE_MODULES = YES;
				CLANG_ENABLE_OBJC_ARC = YES;
				CLANG_WARN_BOOL_CONVERSION = YES;
				CLANG_WARN_CONSTANT_CONVERSION = YES;
				CLANG_WARN_DIRECT_OBJC_ISA_USAGE = YES_ERROR;
				CLANG_WARN_EMPTY_BODY = YES;
				CLANG_WARN_ENUM_CONVERSION = YES;
				CLANG_WARN_INT_CONVERSION = YES;
				CLANG_WARN_OBJC_ROOT_CLASS = YES_ERROR;
				CLANG_WARN_UNREACHABLE_CODE = YES;
				CLANG_WARN__DUPLICATE_METHOD_MATCH = YES;
				"CODE_SIGN_IDENTITY[sdk=iphoneos*]" = "iPhone Developer";
				COPY_PHASE_STRIP = NO;
				DEBUG_INFORMATION_FORMAT = dwarf;
				ENABLE_STRICT_OBJC_MSGSEND = YES;
				ENABLE_TESTABILITY = YES;
				GCC_C_LANGUAGE_STANDARD = gnu99;
				GCC_DYNAMIC_NO_PIC = NO;
				GCC_NO_COMMON_BLOCKS = YES;
				GCC_OPTIMIZATION_LEVEL = 0;
				GCC_PREPROCESSOR_DEFINITIONS = (
					"DEBUG=1",
					"$(inherited)",
				);
				GCC_WARN_64_TO_32_BIT_CONVERSION = YES;
				GCC_WARN_ABOUT_RETURN_TYPE = YES_ERROR;
				GCC_WARN_UNDECLARED_SELECTOR = YES;
				GCC_WARN_UNINITIALIZED_AUTOS = YES_AGGRESSIVE;
				GCC_WARN_UNUSED_FUNCTION = YES;
				GCC_WARN_UNUSED_VARIABLE = YES;
				IPHONEOS_DEPLOYMENT_TARGET = 9.1;
				MTL_ENABLE_DEBUG_INFO = YES;
				ONLY_ACTIVE_ARCH = YES;
				SDKROOT = iphoneos;
			};
			name = Debug;
		};
		2A9A1C001C1FDECD00F283FC /* Release */ = {
			isa = XCBuildConfiguration;
			buildSettings = {
				ALWAYS_SEARCH_USER_PATHS = NO;
				CLANG_CXX_LANGUAGE_STANDARD = "gnu++0x";
				CLANG_CXX_LIBRARY = "libc++";
				CLANG_ENABLE_MODULES = YES;
				CLANG_ENABLE_OBJC_ARC = YES;
				CLANG_WARN_BOOL_CONVERSION = YES;
				CLANG_WARN_CONSTANT_CONVERSION = YES;
				CLANG_WARN_DIRECT_OBJC_ISA_USAGE = YES_ERROR;
				CLANG_WARN_EMPTY_BODY = YES;
				CLANG_WARN_ENUM_CONVERSION = YES;
				CLANG_WARN_INT_CONVERSION = YES;
				CLANG_WARN_OBJC_ROOT_CLASS = YES_ERROR;
				CLANG_WARN_UNREACHABLE_CODE = YES;
				CLANG_WARN__DUPLICATE_METHOD_MATCH = YES;
				"CODE_SIGN_IDENTITY[sdk=iphoneos*]" = "iPhone Developer";
				COPY_PHASE_STRIP = NO;
				DEBUG_INFORMATION_FORMAT = "dwarf-with-dsym";
				ENABLE_NS_ASSERTIONS = NO;
				ENABLE_STRICT_OBJC_MSGSEND = YES;
				GCC_C_LANGUAGE_STANDARD = gnu99;
				GCC_NO_COMMON_BLOCKS = YES;
				GCC_WARN_64_TO_32_BIT_CONVERSION = YES;
				GCC_WARN_ABOUT_RETURN_TYPE = YES_ERROR;
				GCC_WARN_UNDECLARED_SELECTOR = YES;
				GCC_WARN_UNINITIALIZED_AUTOS = YES_AGGRESSIVE;
				GCC_WARN_UNUSED_FUNCTION = YES;
				GCC_WARN_UNUSED_VARIABLE = YES;
				IPHONEOS_DEPLOYMENT_TARGET = 9.1;
				MTL_ENABLE_DEBUG_INFO = NO;
				SDKROOT = iphoneos;
				VALIDATE_PRODUCT = YES;
			};
			name = Release;
		};
		2A9A1C021C1FDECD00F283FC /* Debug */ = {
			isa = XCBuildConfiguration;
			buildSettings = {
				ASSETCATALOG_COMPILER_APPICON_NAME = AppIcon;
				INFOPLIST_FILE = NewGuidePages/Info.plist;
				LD_RUNPATH_SEARCH_PATHS = "$(inherited) @executable_path/Frameworks";
				PRODUCT_BUNDLE_IDENTIFIER = jinxin.NewGuidePages;
				PRODUCT_NAME = "$(TARGET_NAME)";
			};
			name = Debug;
		};
		2A9A1C031C1FDECD00F283FC /* Release */ = {
			isa = XCBuildConfiguration;
			buildSettings = {
				ASSETCATALOG_COMPILER_APPICON_NAME = AppIcon;
				INFOPLIST_FILE = NewGuidePages/Info.plist;
				LD_RUNPATH_SEARCH_PATHS = "$(inherited) @executable_path/Frameworks";
				PRODUCT_BUNDLE_IDENTIFIER = jinxin.NewGuidePages;
				PRODUCT_NAME = "$(TARGET_NAME)";
			};
			name = Release;
		};
		2A9A1C051C1FDECD00F283FC /* Debug */ = {
			isa = XCBuildConfiguration;
			buildSettings = {
				BUNDLE_LOADER = "$(TEST_HOST)";
				INFOPLIST_FILE = NewGuidePagesTests/Info.plist;
				LD_RUNPATH_SEARCH_PATHS = "$(inherited) @executable_path/Frameworks @loader_path/Frameworks";
				PRODUCT_BUNDLE_IDENTIFIER = jinxin.NewGuidePagesTests;
				PRODUCT_NAME = "$(TARGET_NAME)";
				TEST_HOST = "$(BUILT_PRODUCTS_DIR)/NewGuidePages.app/NewGuidePages";
			};
			name = Debug;
		};
		2A9A1C061C1FDECD00F283FC /* Release */ = {
			isa = XCBuildConfiguration;
			buildSettings = {
				BUNDLE_LOADER = "$(TEST_HOST)";
				INFOPLIST_FILE = NewGuidePagesTests/Info.plist;
				LD_RUNPATH_SEARCH_PATHS = "$(inherited) @executable_path/Frameworks @loader_path/Frameworks";
				PRODUCT_BUNDLE_IDENTIFIER = jinxin.NewGuidePagesTests;
				PRODUCT_NAME = "$(TARGET_NAME)";
				TEST_HOST = "$(BUILT_PRODUCTS_DIR)/NewGuidePages.app/NewGuidePages";
			};
			name = Release;
		};
		2A9A1C081C1FDECD00F283FC /* Debug */ = {
			isa = XCBuildConfiguration;
			buildSettings = {
				INFOPLIST_FILE = NewGuidePagesUITests/Info.plist;
				LD_RUNPATH_SEARCH_PATHS = "$(inherited) @executable_path/Frameworks @loader_path/Frameworks";
				PRODUCT_BUNDLE_IDENTIFIER = jinxin.NewGuidePagesUITests;
				PRODUCT_NAME = "$(TARGET_NAME)";
				TEST_TARGET_NAME = NewGuidePages;
				USES_XCTRUNNER = YES;
			};
			name = Debug;
		};
		2A9A1C091C1FDECD00F283FC /* Release */ = {
			isa = XCBuildConfiguration;
			buildSettings = {
				INFOPLIST_FILE = NewGuidePagesUITests/Info.plist;
				LD_RUNPATH_SEARCH_PATHS = "$(inherited) @executable_path/Frameworks @loader_path/Frameworks";
				PRODUCT_BUNDLE_IDENTIFIER = jinxin.NewGuidePagesUITests;
				PRODUCT_NAME = "$(TARGET_NAME)";
				TEST_TARGET_NAME = NewGuidePages;
				USES_XCTRUNNER = YES;
			};
			name = Release;
		};
/* End XCBuildConfiguration section */

/* Begin XCConfigurationList section */
		2A9A1BCF1C1FDECC00F283FC /* Build configuration list for PBXProject "NewGuidePages" */ = {
			isa = XCConfigurationList;
			buildConfigurations = (
				2A9A1BFF1C1FDECD00F283FC /* Debug */,
				2A9A1C001C1FDECD00F283FC /* Release */,
			);
			defaultConfigurationIsVisible = 0;
			defaultConfigurationName = Release;
		};
		2A9A1C011C1FDECD00F283FC /* Build configuration list for PBXNativeTarget "NewGuidePages" */ = {
			isa = XCConfigurationList;
			buildConfigurations = (
				2A9A1C021C1FDECD00F283FC /* Debug */,
				2A9A1C031C1FDECD00F283FC /* Release */,
			);
			defaultConfigurationIsVisible = 0;
		};
		2A9A1C041C1FDECD00F283FC /* Build configuration list for PBXNativeTarget "NewGuidePagesTests" */ = {
			isa = XCConfigurationList;
			buildConfigurations = (
				2A9A1C051C1FDECD00F283FC /* Debug */,
				2A9A1C061C1FDECD00F283FC /* Release */,
			);
			defaultConfigurationIsVisible = 0;
		};
		2A9A1C071C1FDECD00F283FC /* Build configuration list for PBXNativeTarget "NewGuidePagesUITests" */ = {
			isa = XCConfigurationList;
			buildConfigurations = (
				2A9A1C081C1FDECD00F283FC /* Debug */,
				2A9A1C091C1FDECD00F283FC /* Release */,
			);
			defaultConfigurationIsVisible = 0;
		};
/* End XCConfigurationList section */
	};
	rootObject = 2A9A1BCC1C1FDECC00F283FC /* Project object */;
}
